# rosie-lock v1
apple-design emilkowalski/skills main 8329d5d11f12ffd3ac734b8a76b9a16823cc1cf2 2026-07-09T13:22:08Z auto skill
ask-matt mattpocock/skills v1.2.3 6acc160e4e0cd062dbbbd7a1b26ae92855edf07e 2026-08-19T04:02:15Z auto skill
brainstorming obra/superpowers v6.1.1 d884ae04edebef577e82ff7c4e143debd0bbec99 2026-07-08T04:46:58Z auto skill
cavecrew JuliusBrussee/caveman v1.9.1 0d95a81d35a9f2d123a5e9430d1cfc43d55f1bb0 2026-07-08T04:47:00Z auto skill
caveman JuliusBrussee/caveman v1.9.1 0d95a81d35a9f2d123a5e9430d1cfc43d55f1bb0 2026-07-08T04:47:01Z auto skill
caveman-commit JuliusBrussee/caveman v1.9.1 0d95a81d35a9f2d123a5e9430d1cfc43d55f1bb0 2026-07-08T04:47:03Z auto skill
caveman-compress JuliusBrussee/caveman v1.9.1 0d95a81d35a9f2d123a5e9430d1cfc43d55f1bb0 2026-07-08T04:47:05Z auto skill
caveman-help JuliusBrussee/caveman v1.9.1 0d95a81d35a9f2d123a5e9430d1cfc43d55f1bb0 2026-07-08T04:47:06Z auto skill
caveman-review JuliusBrussee/caveman v1.9.1 0d95a81d35a9f2d123a5e9430d1cfc43d55f1bb0 2026-07-08T04:47:08Z auto skill
caveman-stats JuliusBrussee/caveman v1.9.1 0d95a81d35a9f2d123a5e9430d1cfc43d55f1bb0 2026-07-08T04:47:10Z auto skill
chrome-extensions GoogleChrome/modern-web-guidance v0.0.175 13b2c44d266ce7a317cdc424da050fab1cef845c 2026-07-08T04:47:12Z auto skill
claude-handoff mattpocock/skills v1.2.3 6acc160e4e0cd062dbbbd7a1b26ae92855edf07e 2026-08-19T04:08:44Z auto skill
code-review mattpocock/skills v1.2.3 6acc160e4e0cd062dbbbd7a1b26ae92855edf07e 2026-08-19T04:08:31Z auto skill
codebase-design mattpocock/skills v1.2.3 6acc160e4e0cd062dbbbd7a1b26ae92855edf07e 2026-08-19T04:02:17Z auto skill
cohesion toss/frontend-fundamentals main 161d3d6a0d6d372eacd75036de567511643f6265 2026-07-08T04:44:13Z auto skill
coupling toss/frontend-fundamentals main 161d3d6a0d6d372eacd75036de567511643f6265 2026-07-08T04:44:24Z auto skill
diagnosing-bugs mattpocock/skills v1.2.3 6acc160e4e0cd062dbbbd7a1b26ae92855edf07e 2026-08-19T04:03:00Z auto skill
dispatching-parallel-agents obra/superpowers v6.1.1 d884ae04edebef577e82ff7c4e143debd0bbec99 2026-07-08T04:47:15Z auto skill
domain-modeling mattpocock/skills v1.2.3 6acc160e4e0cd062dbbbd7a1b26ae92855edf07e 2026-08-19T04:03:02Z auto skill
emil-design-eng emilkowalski/skill main 1274a0584c4fe9e94304a4e29094cefe5eb51dbe 2026-07-08T04:47:17Z auto skill
executing-plans obra/superpowers v6.1.1 d884ae04edebef577e82ff7c4e143debd0bbec99 2026-07-08T04:47:19Z auto skill
finishing-a-development-branch obra/superpowers v6.1.1 d884ae04edebef577e82ff7c4e143debd0bbec99 2026-07-08T04:47:21Z auto skill
frontend-slides zarazhangrui/frontend-slides v2.1.0 24e420e4acef9850505142c449415ac867e43633 2026-06-26T04:02:31Z auto skill
git-guardrails-claude-code mattpocock/skills v1.2.3 6acc160e4e0cd062dbbbd7a1b26ae92855edf07e 2026-08-19T04:03:07Z auto skill
grill-me mattpocock/skills v1.2.3 6acc160e4e0cd062dbbbd7a1b26ae92855edf07e 2026-08-19T04:03:09Z auto skill
grill-with-docs mattpocock/skills v1.2.3 6acc160e4e0cd062dbbbd7a1b26ae92855edf07e 2026-08-19T04:03:11Z auto skill
grilling mattpocock/skills v1.2.3 6acc160e4e0cd062dbbbd7a1b26ae92855edf07e 2026-08-19T04:03:13Z auto skill
handoff mattpocock/skills v1.2.3 6acc160e4e0cd062dbbbd7a1b26ae92855edf07e 2026-08-19T04:03:15Z auto skill
humanizer blader/humanizer main 1b48564898e999219882660237fde01bf4843a0f 2026-07-08T04:47:23Z auto skill
i-have-adhd ayghri/i-have-adhd main 72c33eee81ea439cf01991e93729adfce2ffc99e 2026-07-20T01:40:47Z auto skill
impeccable pbakaus/impeccable main a5310c9cdae4df011ad9b56de807484250977e9a 2026-07-08T04:47:28Z auto skill
implement mattpocock/skills v1.2.3 6acc160e4e0cd062dbbbd7a1b26ae92855edf07e 2026-08-19T04:03:17Z auto skill
improve-codebase-architecture mattpocock/skills v1.2.3 6acc160e4e0cd062dbbbd7a1b26ae92855edf07e 2026-08-19T04:03:19Z auto skill
ko-grammar-checker bepyan/korean-skills v1.0.0 d879ae2350853e2cca534302dc9e4c73013518c3 2026-06-26T04:02:51Z auto skill
ko-humanizer bepyan/korean-skills v1.0.0 d879ae2350853e2cca534302dc9e4c73013518c3 2026-06-26T04:02:52Z auto skill
ko-style-guide bepyan/korean-skills v1.0.0 d879ae2350853e2cca534302dc9e4c73013518c3 2026-06-26T04:02:54Z auto skill
loop-me mattpocock/skills v1.2.3 6acc160e4e0cd062dbbbd7a1b26ae92855edf07e 2026-08-19T04:08:47Z auto skill
migrate-to-shoehorn mattpocock/skills v1.2.3 6acc160e4e0cd062dbbbd7a1b26ae92855edf07e 2026-08-19T04:03:22Z auto skill
modern-web-guidance GoogleChrome/modern-web-guidance v0.0.175 13b2c44d266ce7a317cdc424da050fab1cef845c 2026-07-08T04:47:33Z auto skill
ponytail DietrichGebert/ponytail v4.8.4 bc9ee949d5f439e8b9f3bb92c6d6d3d1e6ebd324 2026-07-08T04:47:35Z auto skill
ponytail-audit DietrichGebert/ponytail v4.8.4 bc9ee949d5f439e8b9f3bb92c6d6d3d1e6ebd324 2026-07-08T04:47:37Z auto skill
ponytail-debt DietrichGebert/ponytail v4.8.4 bc9ee949d5f439e8b9f3bb92c6d6d3d1e6ebd324 2026-07-08T04:47:39Z auto skill
ponytail-gain DietrichGebert/ponytail v4.8.4 bc9ee949d5f439e8b9f3bb92c6d6d3d1e6ebd324 2026-07-08T04:47:40Z auto skill
ponytail-help DietrichGebert/ponytail v4.8.4 bc9ee949d5f439e8b9f3bb92c6d6d3d1e6ebd324 2026-07-08T04:47:42Z auto skill
ponytail-review DietrichGebert/ponytail v4.8.4 bc9ee949d5f439e8b9f3bb92c6d6d3d1e6ebd324 2026-07-08T04:47:44Z auto skill
predictability toss/frontend-fundamentals main 161d3d6a0d6d372eacd75036de567511643f6265 2026-07-08T04:44:30Z auto skill
prototype mattpocock/skills v1.2.3 6acc160e4e0cd062dbbbd7a1b26ae92855edf07e 2026-08-19T04:03:26Z auto skill
readability toss/frontend-fundamentals main 161d3d6a0d6d372eacd75036de567511643f6265 2026-07-08T04:44:35Z auto skill
receiving-code-review obra/superpowers v6.1.1 d884ae04edebef577e82ff7c4e143debd0bbec99 2026-07-08T04:47:46Z auto skill
repomix-explorer yamadashy/repomix v1.16.0 e98afd55061dce37dc6070fc98bb61218939fdf8 2026-07-08T04:47:49Z auto skill
requesting-code-review obra/superpowers v6.1.1 d884ae04edebef577e82ff7c4e143debd0bbec99 2026-07-08T04:47:50Z auto skill
research mattpocock/skills v1.2.3 6acc160e4e0cd062dbbbd7a1b26ae92855edf07e 2026-08-19T04:08:42Z auto skill
resolving-merge-conflicts mattpocock/skills v1.2.3 6acc160e4e0cd062dbbbd7a1b26ae92855edf07e 2026-08-19T04:03:32Z auto skill
review-animations emilkowalski/skill main 1274a0584c4fe9e94304a4e29094cefe5eb51dbe 2026-07-08T04:47:52Z auto skill
scaffold-exercises mattpocock/skills v1.2.3 6acc160e4e0cd062dbbbd7a1b26ae92855edf07e 2026-08-19T04:03:35Z auto skill
setup-matt-pocock-skills mattpocock/skills v1.2.3 6acc160e4e0cd062dbbbd7a1b26ae92855edf07e 2026-08-19T04:03:37Z auto skill
setup-pre-commit mattpocock/skills v1.2.3 6acc160e4e0cd062dbbbd7a1b26ae92855edf07e 2026-08-19T04:03:39Z auto skill
setup-ts-deep-modules mattpocock/skills v1.2.3 6acc160e4e0cd062dbbbd7a1b26ae92855edf07e 2026-08-19T04:08:45Z auto skill
stop-slop hardikpandya/stop-slop main 8da1f030185bdfe8471220585162991eaeb970e9 2026-06-26T04:03:23Z auto skill
subagent-driven-development obra/superpowers v6.1.1 d884ae04edebef577e82ff7c4e143debd0bbec99 2026-07-08T04:47:55Z auto skill
systematic-debugging obra/superpowers v6.1.1 d884ae04edebef577e82ff7c4e143debd0bbec99 2026-07-08T04:47:57Z auto skill
tdd mattpocock/skills v1.2.3 6acc160e4e0cd062dbbbd7a1b26ae92855edf07e 2026-08-19T04:03:41Z auto skill
teach mattpocock/skills v1.2.3 6acc160e4e0cd062dbbbd7a1b26ae92855edf07e 2026-08-19T04:03:43Z auto skill
test-driven-development obra/superpowers v6.1.1 d884ae04edebef577e82ff7c4e143debd0bbec99 2026-07-08T04:47:59Z auto skill
textify bepyan/textify-cli main 56ca1f327753a1ade696c25ade985b1a483ccf3c 2026-06-26T04:03:34Z auto skill
to-questionnaire mattpocock/skills v1.2.3 6acc160e4e0cd062dbbbd7a1b26ae92855edf07e 2026-08-19T04:08:37Z auto skill
to-spec mattpocock/skills v1.2.3 6acc160e4e0cd062dbbbd7a1b26ae92855edf07e 2026-08-19T04:08:34Z auto skill
to-tickets mattpocock/skills v1.2.3 6acc160e4e0cd062dbbbd7a1b26ae92855edf07e 2026-08-19T04:08:32Z auto skill
triage mattpocock/skills v1.2.3 6acc160e4e0cd062dbbbd7a1b26ae92855edf07e 2026-08-19T04:03:49Z auto skill
using-git-worktrees obra/superpowers v6.1.1 d884ae04edebef577e82ff7c4e143debd0bbec99 2026-07-08T04:48:02Z auto skill
using-superpowers obra/superpowers v6.1.1 d884ae04edebef577e82ff7c4e143debd0bbec99 2026-07-08T04:48:03Z auto skill
vercel-cli-with-tokens vercel-labs/agent-skills main f8a72b9603728bb92a217a879b7e62e43ad76c81 2026-06-26T04:03:45Z auto skill
vercel-composition-patterns vercel-labs/agent-skills main f8a72b9603728bb92a217a879b7e62e43ad76c81 2026-06-26T04:03:48Z auto skill
vercel-optimize vercel-labs/agent-skills main f8a72b9603728bb92a217a879b7e62e43ad76c81 2026-06-26T04:03:49Z auto skill
vercel-react-best-practices vercel-labs/agent-skills main f8a72b9603728bb92a217a879b7e62e43ad76c81 2026-06-26T04:03:51Z auto skill
vercel-react-native-skills vercel-labs/agent-skills main f8a72b9603728bb92a217a879b7e62e43ad76c81 2026-06-26T04:03:53Z auto skill
vercel-react-view-transitions vercel-labs/agent-skills main f8a72b9603728bb92a217a879b7e62e43ad76c81 2026-06-26T04:04:08Z auto skill
verification-before-completion obra/superpowers v6.1.1 d884ae04edebef577e82ff7c4e143debd0bbec99 2026-07-08T04:48:07Z auto skill
vocabulary index-how/vocabulary main b2d53205a03a6538c394b22f28ea175fdbfb97e3 2026-06-26T04:04:11Z auto skill
wait-what mattpocock/skills v1.2.3 6acc160e4e0cd062dbbbd7a1b26ae92855edf07e 2026-08-19T04:08:40Z auto skill
wayfinder mattpocock/skills v1.2.3 6acc160e4e0cd062dbbbd7a1b26ae92855edf07e 2026-08-19T03:58:35Z auto skill
web-design-guidelines vercel-labs/agent-skills main f8a72b9603728bb92a217a879b7e62e43ad76c81 2026-06-26T04:04:12Z auto skill
wizard mattpocock/skills v1.2.3 6acc160e4e0cd062dbbbd7a1b26ae92855edf07e 2026-08-19T04:08:39Z auto skill
writing-beats mattpocock/skills v1.2.3 6acc160e4e0cd062dbbbd7a1b26ae92855edf07e 2026-08-19T04:03:53Z auto skill
writing-for-agents mattpocock/skills v1.2.3 6acc160e4e0cd062dbbbd7a1b26ae92855edf07e 2026-08-19T04:08:36Z auto skill
writing-fragments mattpocock/skills v1.2.3 6acc160e4e0cd062dbbbd7a1b26ae92855edf07e 2026-08-19T04:03:55Z auto skill
writing-guidelines vercel-labs/agent-skills main f8a72b9603728bb92a217a879b7e62e43ad76c81 2026-06-26T04:04:18Z auto skill
writing-plans obra/superpowers v6.1.1 d884ae04edebef577e82ff7c4e143debd0bbec99 2026-07-08T04:48:10Z auto skill
writing-shape mattpocock/skills v1.2.3 6acc160e4e0cd062dbbbd7a1b26ae92855edf07e 2026-08-19T04:03:59Z auto skill
writing-skills obra/superpowers v6.1.1 d884ae04edebef577e82ff7c4e143debd0bbec99 2026-07-08T04:48:12Z auto skill
