# rosie-lock v1
ask-matt mattpocock/skills v1.0.1 2454c95dc305c158b21a0cdafeb728879dd0359a 2026-06-26T04:01:55Z auto skill
brainstorming obra/superpowers v6.0.3 896224c4b1879920ab573417e68fd51d2ccc9072 2026-06-26T04:01:57Z auto skill
cavecrew JuliusBrussee/caveman v1.9.0 32f37af81a02a4b91c107b768f1365848e5bf005 2026-06-26T04:01:59Z auto skill
caveman JuliusBrussee/caveman v1.9.0 32f37af81a02a4b91c107b768f1365848e5bf005 2026-06-26T04:02:01Z auto skill
caveman-commit JuliusBrussee/caveman v1.9.0 32f37af81a02a4b91c107b768f1365848e5bf005 2026-06-26T04:02:03Z auto skill
caveman-compress JuliusBrussee/caveman v1.9.0 32f37af81a02a4b91c107b768f1365848e5bf005 2026-06-26T04:02:05Z auto skill
caveman-help JuliusBrussee/caveman v1.9.0 32f37af81a02a4b91c107b768f1365848e5bf005 2026-06-26T04:02:06Z auto skill
caveman-review JuliusBrussee/caveman v1.9.0 32f37af81a02a4b91c107b768f1365848e5bf005 2026-06-26T04:02:08Z auto skill
caveman-stats JuliusBrussee/caveman v1.9.0 32f37af81a02a4b91c107b768f1365848e5bf005 2026-06-26T04:02:10Z auto skill
chrome-extensions GoogleChrome/modern-web-guidance v0.0.174 2354c8c5856602e0730d7c65d91f1c29ffc479ee 2026-06-26T04:02:12Z auto skill
codebase-design mattpocock/skills v1.0.1 2454c95dc305c158b21a0cdafeb728879dd0359a 2026-06-26T04:02:14Z auto skill
decision-mapping mattpocock/skills v1.0.1 2454c95dc305c158b21a0cdafeb728879dd0359a 2026-06-26T04:02:15Z auto skill
design-an-interface mattpocock/skills v1.0.1 2454c95dc305c158b21a0cdafeb728879dd0359a 2026-06-26T04:02:17Z auto skill
diagnosing-bugs mattpocock/skills v1.0.1 2454c95dc305c158b21a0cdafeb728879dd0359a 2026-06-26T04:02:19Z auto skill
dispatching-parallel-agents obra/superpowers v6.0.3 896224c4b1879920ab573417e68fd51d2ccc9072 2026-06-26T04:02:21Z auto skill
domain-modeling mattpocock/skills v1.0.1 2454c95dc305c158b21a0cdafeb728879dd0359a 2026-06-26T04:02:22Z auto skill
edit-article mattpocock/skills v1.0.1 2454c95dc305c158b21a0cdafeb728879dd0359a 2026-06-26T04:02:24Z auto skill
emil-design-eng emilkowalski/skill main 8a4a02183f466f54315138e5f94b349df5b84acf 2026-06-26T04:02:25Z auto skill
executing-plans obra/superpowers v6.0.3 896224c4b1879920ab573417e68fd51d2ccc9072 2026-06-26T04:02:27Z auto skill
finishing-a-development-branch obra/superpowers v6.0.3 896224c4b1879920ab573417e68fd51d2ccc9072 2026-06-26T04:02:29Z auto skill
frontend-slides zarazhangrui/frontend-slides v2.1.0 24e420e4acef9850505142c449415ac867e43633 2026-06-26T04:02:31Z auto skill
git-guardrails-claude-code mattpocock/skills v1.0.1 2454c95dc305c158b21a0cdafeb728879dd0359a 2026-06-26T04:02:33Z auto skill
grill-me mattpocock/skills v1.0.1 2454c95dc305c158b21a0cdafeb728879dd0359a 2026-06-26T04:02:34Z auto skill
grill-with-docs mattpocock/skills v1.0.1 2454c95dc305c158b21a0cdafeb728879dd0359a 2026-06-26T04:02:37Z auto skill
grilling mattpocock/skills v1.0.1 2454c95dc305c158b21a0cdafeb728879dd0359a 2026-06-26T04:02:38Z auto skill
handoff mattpocock/skills v1.0.1 2454c95dc305c158b21a0cdafeb728879dd0359a 2026-06-26T04:02:40Z auto skill
humanizer blader/humanizer main 9600f2b7241cb4eed6ad803abee5ea01d67fe8e4 2026-06-26T04:02:41Z auto skill
impeccable pbakaus/impeccable main 3590bf9e37c84ecbc92f9c205ce1aebf2185a971 2026-06-26T04:02:45Z auto skill
implement mattpocock/skills v1.0.1 2454c95dc305c158b21a0cdafeb728879dd0359a 2026-06-26T04:02:47Z auto skill
improve-codebase-architecture mattpocock/skills v1.0.1 2454c95dc305c158b21a0cdafeb728879dd0359a 2026-06-26T04:02:49Z auto skill
ko-grammar-checker bepyan/korean-skills v1.0.0 d879ae2350853e2cca534302dc9e4c73013518c3 2026-06-26T04:02:51Z auto skill
ko-humanizer bepyan/korean-skills v1.0.0 d879ae2350853e2cca534302dc9e4c73013518c3 2026-06-26T04:02:52Z auto skill
ko-style-guide bepyan/korean-skills v1.0.0 d879ae2350853e2cca534302dc9e4c73013518c3 2026-06-26T04:02:54Z auto skill
loop-me mattpocock/skills main 5d78bd0903420f97c791f834201e550c765699f8 2026-06-26T04:05:35Z pin skill
migrate-to-shoehorn mattpocock/skills v1.0.1 2454c95dc305c158b21a0cdafeb728879dd0359a 2026-06-26T04:02:57Z auto skill
modern-web-guidance GoogleChrome/modern-web-guidance v0.0.174 2354c8c5856602e0730d7c65d91f1c29ffc479ee 2026-06-26T04:02:59Z auto skill
obsidian-vault mattpocock/skills v1.0.1 2454c95dc305c158b21a0cdafeb728879dd0359a 2026-06-26T04:03:01Z auto skill
ponytail DietrichGebert/ponytail v4.8.3 025da371cd7539c3eb0ad859b08b3ca55e695f16 2026-06-27T14:49:42Z auto skill
ponytail-audit DietrichGebert/ponytail v4.8.3 025da371cd7539c3eb0ad859b08b3ca55e695f16 2026-06-27T14:49:42Z auto skill
ponytail-debt DietrichGebert/ponytail v4.8.3 025da371cd7539c3eb0ad859b08b3ca55e695f16 2026-06-27T14:49:42Z auto skill
ponytail-gain DietrichGebert/ponytail v4.8.3 025da371cd7539c3eb0ad859b08b3ca55e695f16 2026-06-27T14:49:42Z auto skill
ponytail-help DietrichGebert/ponytail v4.8.3 025da371cd7539c3eb0ad859b08b3ca55e695f16 2026-06-27T14:49:42Z auto skill
ponytail-review DietrichGebert/ponytail v4.8.3 025da371cd7539c3eb0ad859b08b3ca55e695f16 2026-06-27T14:49:42Z auto skill
prototype mattpocock/skills v1.0.1 2454c95dc305c158b21a0cdafeb728879dd0359a 2026-06-26T04:03:03Z auto skill
qa mattpocock/skills v1.0.1 2454c95dc305c158b21a0cdafeb728879dd0359a 2026-06-26T04:03:05Z auto skill
receiving-code-review obra/superpowers v6.0.3 896224c4b1879920ab573417e68fd51d2ccc9072 2026-06-26T04:03:06Z auto skill
repomix-explorer yamadashy/repomix v1.15.0 bb4ac4763faeb7fc3d31438f072a6946b5b290b9 2026-06-26T04:03:09Z auto skill
request-refactor-plan mattpocock/skills v1.0.1 2454c95dc305c158b21a0cdafeb728879dd0359a 2026-06-26T04:03:10Z auto skill
requesting-code-review obra/superpowers v6.0.3 896224c4b1879920ab573417e68fd51d2ccc9072 2026-06-26T04:03:12Z auto skill
resolving-merge-conflicts mattpocock/skills v1.0.1 2454c95dc305c158b21a0cdafeb728879dd0359a 2026-06-26T04:03:14Z auto skill
review mattpocock/skills v1.0.1 2454c95dc305c158b21a0cdafeb728879dd0359a 2026-06-26T04:03:16Z auto skill
review-animations emilkowalski/skill main 8a4a02183f466f54315138e5f94b349df5b84acf 2026-06-26T04:03:17Z auto skill
scaffold-exercises mattpocock/skills v1.0.1 2454c95dc305c158b21a0cdafeb728879dd0359a 2026-06-26T04:03:19Z auto skill
setup-matt-pocock-skills mattpocock/skills v1.0.1 2454c95dc305c158b21a0cdafeb728879dd0359a 2026-06-26T04:03:20Z auto skill
setup-pre-commit mattpocock/skills v1.0.1 2454c95dc305c158b21a0cdafeb728879dd0359a 2026-06-26T04:03:22Z auto skill
stop-slop hardikpandya/stop-slop main 8da1f030185bdfe8471220585162991eaeb970e9 2026-06-26T04:03:23Z auto skill
subagent-driven-development obra/superpowers v6.0.3 896224c4b1879920ab573417e68fd51d2ccc9072 2026-06-26T04:03:25Z auto skill
systematic-debugging obra/superpowers v6.0.3 896224c4b1879920ab573417e68fd51d2ccc9072 2026-06-26T04:03:27Z auto skill
tdd mattpocock/skills v1.0.1 2454c95dc305c158b21a0cdafeb728879dd0359a 2026-06-26T04:03:29Z auto skill
teach mattpocock/skills v1.0.1 2454c95dc305c158b21a0cdafeb728879dd0359a 2026-06-26T04:03:31Z auto skill
test-driven-development obra/superpowers v6.0.3 896224c4b1879920ab573417e68fd51d2ccc9072 2026-06-26T04:03:33Z auto skill
textify bepyan/textify-cli main 56ca1f327753a1ade696c25ade985b1a483ccf3c 2026-06-26T04:03:34Z auto skill
to-issues mattpocock/skills v1.0.1 2454c95dc305c158b21a0cdafeb728879dd0359a 2026-06-26T04:03:35Z auto skill
to-prd mattpocock/skills v1.0.1 2454c95dc305c158b21a0cdafeb728879dd0359a 2026-06-26T04:03:37Z auto skill
triage mattpocock/skills v1.0.1 2454c95dc305c158b21a0cdafeb728879dd0359a 2026-06-26T04:03:39Z auto skill
ubiquitous-language mattpocock/skills v1.0.1 2454c95dc305c158b21a0cdafeb728879dd0359a 2026-06-26T04:03:40Z auto skill
using-git-worktrees obra/superpowers v6.0.3 896224c4b1879920ab573417e68fd51d2ccc9072 2026-06-26T04:03:42Z auto skill
using-superpowers obra/superpowers v6.0.3 896224c4b1879920ab573417e68fd51d2ccc9072 2026-06-26T04:03:44Z auto skill
vercel-cli-with-tokens vercel-labs/agent-skills main f8a72b9603728bb92a217a879b7e62e43ad76c81 2026-06-26T04:03:45Z auto skill
vercel-composition-patterns vercel-labs/agent-skills main f8a72b9603728bb92a217a879b7e62e43ad76c81 2026-06-26T04:03:48Z auto skill
vercel-optimize vercel-labs/agent-skills main f8a72b9603728bb92a217a879b7e62e43ad76c81 2026-06-26T04:03:49Z auto skill
vercel-react-best-practices vercel-labs/agent-skills main f8a72b9603728bb92a217a879b7e62e43ad76c81 2026-06-26T04:03:51Z auto skill
vercel-react-native-skills vercel-labs/agent-skills main f8a72b9603728bb92a217a879b7e62e43ad76c81 2026-06-26T04:03:53Z auto skill
vercel-react-view-transitions vercel-labs/agent-skills main f8a72b9603728bb92a217a879b7e62e43ad76c81 2026-06-26T04:04:08Z auto skill
verification-before-completion obra/superpowers v6.0.3 896224c4b1879920ab573417e68fd51d2ccc9072 2026-06-26T04:04:10Z auto skill
vocabulary index-how/vocabulary main b2d53205a03a6538c394b22f28ea175fdbfb97e3 2026-06-26T04:04:11Z auto skill
web-design-guidelines vercel-labs/agent-skills main f8a72b9603728bb92a217a879b7e62e43ad76c81 2026-06-26T04:04:12Z auto skill
writing-beats mattpocock/skills v1.0.1 2454c95dc305c158b21a0cdafeb728879dd0359a 2026-06-26T04:04:14Z auto skill
writing-fragments mattpocock/skills v1.0.1 2454c95dc305c158b21a0cdafeb728879dd0359a 2026-06-26T04:04:15Z auto skill
writing-great-skills mattpocock/skills v1.0.1 2454c95dc305c158b21a0cdafeb728879dd0359a 2026-06-26T04:04:17Z auto skill
writing-guidelines vercel-labs/agent-skills main f8a72b9603728bb92a217a879b7e62e43ad76c81 2026-06-26T04:04:18Z auto skill
writing-plans obra/superpowers v6.0.3 896224c4b1879920ab573417e68fd51d2ccc9072 2026-06-26T04:04:20Z auto skill
writing-shape mattpocock/skills v1.0.1 2454c95dc305c158b21a0cdafeb728879dd0359a 2026-06-26T04:04:21Z auto skill
writing-skills obra/superpowers v6.0.3 896224c4b1879920ab573417e68fd51d2ccc9072 2026-06-26T04:04:23Z auto skill
